
Microsoft Visual Studio Solution File, Format Version 12.00
# Visual Studio Version 16
VisualStudioVersion = 16.0.32106.194
MinimumVisualStudioVersion = 10.0.40219.1
Project("{FAE04EC0-301F-11D3-BF4B-00C04F79EFBC}") = "EcommerceApi", "EcommerceApi\EcommerceApi.csproj", "{DA4C8E96-21BA-48D1-B02F-078F08A667BF}"
EndProject
Global
	GlobalSection(SolutionConfigurationPlatforms) = preSolution
		Debug|Any CPU = Debug|Any CPU
		Release|Any CPU = Release|Any CPU
	EndGlobalSection
	GlobalSection(ProjectConfigurationPlatforms) = postSolution
		{DA4C8E96-21BA-48D1-B02F-078F08A667BF}.Debug|Any CPU.ActiveCfg = Debug|Any CPU
		{DA4C8E96-21BA-48D1-B02F-078F08A667BF}.Debug|Any CPU.Build.0 = Debug|Any CPU
		{DA4C8E96-21BA-48D1-B02F-078F08A667BF}.Release|Any CPU.ActiveCfg = Release|Any CPU
		{DA4C8E96-21BA-48D1-B02F-078F08A667BF}.Release|Any CPU.Build.0 = Release|Any CPU
	EndGlobalSection
	GlobalSection(SolutionProperties) = preSolution
		HideSolutionNode = FALSE
	EndGlobalSection
	GlobalSection(ExtensibilityGlobals) = postSolution
		SolutionGuid = {09ED1CCD-515C-4949-9E68-500B2CB8DB17}
	EndGlobalSection
EndGlobal
