
Microsoft Visual Studio Solution File, Format Version 12.00
# Visual Studio Version 17
VisualStudioVersion = 17.0.32112.339
MinimumVisualStudioVersion = 10.0.40219.1
Project("{FAE04EC0-301F-11D3-BF4B-00C04F79EFBC}") = "Collections.Generics", "Collections.Generics\Collections.Generics.csproj", "{D15E7AC9-6DBE-458D-97F8-37EF77BE1256}"
EndProject
Global
	GlobalSection(SolutionConfigurationPlatforms) = preSolution
		Debug|Any CPU = Debug|Any CPU
		Release|Any CPU = Release|Any CPU
	EndGlobalSection
	GlobalSection(ProjectConfigurationPlatforms) = postSolution
		{D15E7AC9-6DBE-458D-97F8-37EF77BE1256}.Debug|Any CPU.ActiveCfg = Debug|Any CPU
		{D15E7AC9-6DBE-458D-97F8-37EF77BE1256}.Debug|Any CPU.Build.0 = Debug|Any CPU
		{D15E7AC9-6DBE-458D-97F8-37EF77BE1256}.Release|Any CPU.ActiveCfg = Release|Any CPU
		{D15E7AC9-6DBE-458D-97F8-37EF77BE1256}.Release|Any CPU.Build.0 = Release|Any CPU
	EndGlobalSection
	GlobalSection(SolutionProperties) = preSolution
		HideSolutionNode = FALSE
	EndGlobalSection
	GlobalSection(ExtensibilityGlobals) = postSolution
		SolutionGuid = {FA6AEE54-D512-4A2E-BF27-A2DCC3A61726}
	EndGlobalSection
EndGlobal
