
Microsoft Visual Studio Solution File, Format Version 12.00
# Visual Studio Version 16
VisualStudioVersion = 16.0.32106.194
MinimumVisualStudioVersion = 10.0.40219.1
Project("{FAE04EC0-301F-11D3-BF4B-00C04F79EFBC}") = "EFCodeFirst", "EFCodeFirst\EFCodeFirst.csproj", "{270B66D2-AFD0-418B-A816-C7B7CD4CB4A0}"
EndProject
Global
	GlobalSection(SolutionConfigurationPlatforms) = preSolution
		Debug|Any CPU = Debug|Any CPU
		Release|Any CPU = Release|Any CPU
	EndGlobalSection
	GlobalSection(ProjectConfigurationPlatforms) = postSolution
		{270B66D2-AFD0-418B-A816-C7B7CD4CB4A0}.Debug|Any CPU.ActiveCfg = Debug|Any CPU
		{270B66D2-AFD0-418B-A816-C7B7CD4CB4A0}.Debug|Any CPU.Build.0 = Debug|Any CPU
		{270B66D2-AFD0-418B-A816-C7B7CD4CB4A0}.Release|Any CPU.ActiveCfg = Release|Any CPU
		{270B66D2-AFD0-418B-A816-C7B7CD4CB4A0}.Release|Any CPU.Build.0 = Release|Any CPU
	EndGlobalSection
	GlobalSection(SolutionProperties) = preSolution
		HideSolutionNode = FALSE
	EndGlobalSection
	GlobalSection(ExtensibilityGlobals) = postSolution
		SolutionGuid = {7A0C0E4F-293D-4939-BC7E-BBF2D507EB38}
	EndGlobalSection
EndGlobal
